
Microsoft Visual Studio Solution File, Format Version 12.00
# Visual Studio Version 16
VisualStudioVersion = 16.0.31702.278
MinimumVisualStudioVersion = 10.0.40219.1
Project("{9A19103F-16F7-4668-BE54-9A1E7A4F7556}") = "ContactManager", "ContactManager\ContactManager.csproj", "{D6E48ADF-7742-4013-97EB-39D96F83C512}"
EndProject
Project("{FAE04EC0-301F-11D3-BF4B-00C04F79EFBC}") = "ContactManager.Database", "ContactManager.Database\ContactManager.Database.csproj", "{53D8D0D8-DCED-487E-8023-9E324FCA6472}"
EndProject
Global
	GlobalSection(SolutionConfigurationPlatforms) = preSolution
		Debug|Any CPU = Debug|Any CPU
		Release|Any CPU = Release|Any CPU
	EndGlobalSection
	GlobalSection(ProjectConfigurationPlatforms) = postSolution
		{D6E48ADF-7742-4013-97EB-39D96F83C512}.Debug|Any CPU.ActiveCfg = Debug|Any CPU
		{D6E48ADF-7742-4013-97EB-39D96F83C512}.Debug|Any CPU.Build.0 = Debug|Any CPU
		{D6E48ADF-7742-4013-97EB-39D96F83C512}.Release|Any CPU.ActiveCfg = Release|Any CPU
		{D6E48ADF-7742-4013-97EB-39D96F83C512}.Release|Any CPU.Build.0 = Release|Any CPU
		{53D8D0D8-DCED-487E-8023-9E324FCA6472}.Debug|Any CPU.ActiveCfg = Debug|Any CPU
		{53D8D0D8-DCED-487E-8023-9E324FCA6472}.Debug|Any CPU.Build.0 = Debug|Any CPU
		{53D8D0D8-DCED-487E-8023-9E324FCA6472}.Release|Any CPU.ActiveCfg = Release|Any CPU
		{53D8D0D8-DCED-487E-8023-9E324FCA6472}.Release|Any CPU.Build.0 = Release|Any CPU
	EndGlobalSection
	GlobalSection(SolutionProperties) = preSolution
		HideSolutionNode = FALSE
	EndGlobalSection
	GlobalSection(ExtensibilityGlobals) = postSolution
		SolutionGuid = {0860F729-D442-4A70-87B5-E87AF0E40D65}
	EndGlobalSection
EndGlobal
